
Microsoft Visual Studio Solution File, Format Version 12.00
# Visual Studio Version 17
VisualStudioVersion = 17.0.31903.59
MinimumVisualStudioVersion = 10.0.40219.1
Project("{FAE04EC0-301F-11D3-BF4B-00C04F79EFBC}") = "api", "api\api.csproj", "{91CA8742-2839-4D8D-A021-FF0D605DECFA}"
EndProject
Project("{FAE04EC0-301F-11D3-BF4B-00C04F79EFBC}") = "tests", "tests\tests.csproj", "{6D95DCB6-75D4-4948-82A6-A2C92CC49A0D}"
EndProject
Global
	GlobalSection(SolutionConfigurationPlatforms) = preSolution
		Debug|Any CPU = Debug|Any CPU
		Debug|x64 = Debug|x64
		Debug|x86 = Debug|x86
		Release|Any CPU = Release|Any CPU
		Release|x64 = Release|x64
		Release|x86 = Release|x86
	EndGlobalSection
	GlobalSection(ProjectConfigurationPlatforms) = postSolution
		{91CA8742-2839-4D8D-A021-FF0D605DECFA}.Debug|Any CPU.ActiveCfg = Debug|Any CPU
		{91CA8742-2839-4D8D-A021-FF0D605DECFA}.Debug|Any CPU.Build.0 = Debug|Any CPU
		{91CA8742-2839-4D8D-A021-FF0D605DECFA}.Debug|x64.ActiveCfg = Debug|Any CPU
		{91CA8742-2839-4D8D-A021-FF0D605DECFA}.Debug|x64.Build.0 = Debug|Any CPU
		{91CA8742-2839-4D8D-A021-FF0D605DECFA}.Debug|x86.ActiveCfg = Debug|Any CPU
		{91CA8742-2839-4D8D-A021-FF0D605DECFA}.Debug|x86.Build.0 = Debug|Any CPU
		{91CA8742-2839-4D8D-A021-FF0D605DECFA}.Release|Any CPU.ActiveCfg = Release|Any CPU
		{91CA8742-2839-4D8D-A021-FF0D605DECFA}.Release|Any CPU.Build.0 = Release|Any CPU
		{91CA8742-2839-4D8D-A021-FF0D605DECFA}.Release|x64.ActiveCfg = Release|Any CPU
		{91CA8742-2839-4D8D-A021-FF0D605DECFA}.Release|x64.Build.0 = Release|Any CPU
		{91CA8742-2839-4D8D-A021-FF0D605DECFA}.Release|x86.ActiveCfg = Release|Any CPU
		{91CA8742-2839-4D8D-A021-FF0D605DECFA}.Release|x86.Build.0 = Release|Any CPU
		{6D95DCB6-75D4-4948-82A6-A2C92CC49A0D}.Debug|Any CPU.ActiveCfg = Debug|Any CPU
		{6D95DCB6-75D4-4948-82A6-A2C92CC49A0D}.Debug|Any CPU.Build.0 = Debug|Any CPU
		{6D95DCB6-75D4-4948-82A6-A2C92CC49A0D}.Debug|x64.ActiveCfg = Debug|Any CPU
		{6D95DCB6-75D4-4948-82A6-A2C92CC49A0D}.Debug|x64.Build.0 = Debug|Any CPU
		{6D95DCB6-75D4-4948-82A6-A2C92CC49A0D}.Debug|x86.ActiveCfg = Debug|Any CPU
		{6D95DCB6-75D4-4948-82A6-A2C92CC49A0D}.Debug|x86.Build.0 = Debug|Any CPU
		{6D95DCB6-75D4-4948-82A6-A2C92CC49A0D}.Release|Any CPU.ActiveCfg = Release|Any CPU
		{6D95DCB6-75D4-4948-82A6-A2C92CC49A0D}.Release|Any CPU.Build.0 = Release|Any CPU
		{6D95DCB6-75D4-4948-82A6-A2C92CC49A0D}.Release|x64.ActiveCfg = Release|Any CPU
		{6D95DCB6-75D4-4948-82A6-A2C92CC49A0D}.Release|x64.Build.0 = Release|Any CPU
		{6D95DCB6-75D4-4948-82A6-A2C92CC49A0D}.Release|x86.ActiveCfg = Release|Any CPU
		{6D95DCB6-75D4-4948-82A6-A2C92CC49A0D}.Release|x86.Build.0 = Release|Any CPU
	EndGlobalSection
	GlobalSection(SolutionProperties) = preSolution
		HideSolutionNode = FALSE
	EndGlobalSection
EndGlobal
